// !$*UTF8*$!
{
	archiveVersion = 1;
	classes = {
	};
	objectVersion = 46;
	objects = {

/* Begin PBXBuildFile section */
		D205D2781C187A58006784F0 /* AppDelegate.swift in Sources */ = {isa = PBXBuildFile; fileRef = D205D2771C187A58006784F0 /* AppDelegate.swift */; };
		D205D27D1C187A58006784F0 /* Main.storyboard in Resources */ = {isa = PBXBuildFile; fileRef = D205D27B1C187A58006784F0 /* Main.storyboard */; };
		D205D2801C187A58006784F0 /* HitList.xcdatamodeld in Sources */ = {isa = PBXBuildFile; fileRef = D205D27E1C187A58006784F0 /* HitList.xcdatamodeld */; };
		D205D2821C187A58006784F0 /* Assets.xcassets in Resources */ = {isa = PBXBuildFile; fileRef = D205D2811C187A58006784F0 /* Assets.xcassets */; };
		D205D2851C187A58006784F0 /* LaunchScreen.storyboard in Resources */ = {isa = PBXBuildFile; fileRef = D205D2831C187A58006784F0 /* LaunchScreen.storyboard */; };
		D205D28E1C187AD3006784F0 /* HomeTableViewController.swift in Sources */ = {isa = PBXBuildFile; fileRef = D205D28D1C187AD3006784F0 /* HomeTableViewController.swift */; };
/* End PBXBuildFile section */

/* Begin PBXFileReference section */
		D205D2741C187A58006784F0 /* HitList.app */ = {isa = PBXFileReference; explicitFileType = wrapper.application; includeInIndex = 0; path = HitList.app; sourceTree = BUILT_PRODUCTS_DIR; };
		D205D2771C187A58006784F0 /* AppDelegate.swift */ = {isa = PBXFileReference; lastKnownFileType = sourcecode.swift; path = AppDelegate.swift; sourceTree = "<group>"; };
		D205D27C1C187A58006784F0 /* Base */ = {isa = PBXFileReference; lastKnownFileType = file.storyboard; name = Base; path = Base.lproj/Main.storyboard; sourceTree = "<group>"; };
		D205D27F1C187A58006784F0 /* HitList.xcdatamodel */ = {isa = PBXFileReference; lastKnownFileType = wrapper.xcdatamodel; path = HitList.xcdatamodel; sourceTree = "<group>"; };
		D205D2811C187A58006784F0 /* Assets.xcassets */ = {isa = PBXFileReference; lastKnownFileType = folder.assetcatalog; path = Assets.xcassets; sourceTree = "<group>"; };
		D205D2841C187A58006784F0 /* Base */ = {isa = PBXFileReference; lastKnownFileType = file.storyboard; name = Base; path = Base.lproj/LaunchScreen.storyboard; sourceTree = "<group>"; };
		D205D2861C187A58006784F0 /* Info.plist */ = {isa = PBXFileReference; lastKnownFileType = text.plist.xml; path = Info.plist; sourceTree = "<group>"; };
		D205D28D1C187AD3006784F0 /* HomeTableViewController.swift */ = {isa = PBXFileReference; fileEncoding = 4; lastKnownFileType = sourcecode.swift; path = HomeTableViewController.swift; sourceTree = "<group>"; };
/* End PBXFileReference section */

/* Begin PBXFrameworksBuildPhase section */
		D205D2711C187A58006784F0 /* Frameworks */ = {
			isa = PBXFrameworksBuildPhase;
			buildActionMask = 2147483647;
			files = (
			);
			runOnlyForDeploymentPostprocessing = 0;
		};
/* End PBXFrameworksBuildPhase section */

/* Begin PBXGroup section */
		D205D26B1C187A57006784F0 = {
			isa = PBXGroup;
			children = (
				D205D2761C187A58006784F0 /* HitList */,
				D205D2751C187A58006784F0 /* Products */,
			);
			sourceTree = "<group>";
		};
		D205D2751C187A58006784F0 /* Products */ = {
			isa = PBXGroup;
			children = (
				D205D2741C187A58006784F0 /* HitList.app */,
			);
			name = Products;
			sourceTree = "<group>";
		};
		D205D2761C187A58006784F0 /* HitList */ = {
			isa = PBXGroup;
			children = (
				D205D2771C187A58006784F0 /* AppDelegate.swift */,
				D205D28D1C187AD3006784F0 /* HomeTableViewController.swift */,
				D205D27B1C187A58006784F0 /* Main.storyboard */,
				D205D28C1C187A61006784F0 /* Supporting Files */,
			);
			path = HitList;
			sourceTree = "<group>";
		};
		D205D28C1C187A61006784F0 /* Supporting Files */ = {
			isa = PBXGroup;
			children = (
				D205D2811C187A58006784F0 /* Assets.xcassets */,
				D205D2831C187A58006784F0 /* LaunchScreen.storyboard */,
				D205D2861C187A58006784F0 /* Info.plist */,
				D205D27E1C187A58006784F0 /* HitList.xcdatamodeld */,
			);
			name = "Supporting Files";
			sourceTree = "<group>";
		};
/* End PBXGroup section */

/* Begin PBXNativeTarget section */
		D205D2731C187A58006784F0 /* HitList */ = {
			isa = PBXNativeTarget;
			buildConfigurationList = D205D2891C187A58006784F0 /* Build configuration list for PBXNativeTarget "HitList" */;
			buildPhases = (
				D205D2701C187A58006784F0 /* Sources */,
				D205D2711C187A58006784F0 /* Frameworks */,
				D205D2721C187A58006784F0 /* Resources */,
			);
			buildRules = (
			);
			dependencies = (
			);
			name = HitList;
			productName = HitList;
			productReference = D205D2741C187A58006784F0 /* HitList.app */;
			productType = "com.apple.product-type.application";
		};
/* End PBXNativeTarget section */

/* Begin PBXProject section */
		D205D26C1C187A57006784F0 /* Project object */ = {
			isa = PBXProject;
			attributes = {
				LastSwiftUpdateCheck = 0710;
				LastUpgradeCheck = 0710;
				ORGANIZATIONNAME = Tuluobo;
				TargetAttributes = {
					D205D2731C187A58006784F0 = {
						CreatedOnToolsVersion = 7.1.1;
					};
				};
			};
			buildConfigurationList = D205D26F1C187A57006784F0 /* Build configuration list for PBXProject "HitList" */;
			compatibilityVersion = "Xcode 3.2";
			developmentRegion = English;
			hasScannedForEncodings = 0;
			knownRegions = (
				en,
				Base,
			);
			mainGroup = D205D26B1C187A57006784F0;
			productRefGroup = D205D2751C187A58006784F0 /* Products */;
			projectDirPath = "";
			projectRoot = "";
			targets = (
				D205D2731C187A58006784F0 /* HitList */,
			);
		};
/* End PBXProject section */

/* Begin PBXResourcesBuildPhase section */
		D205D2721C187A58006784F0 /* Resources */ = {
			isa = PBXResourcesBuildPhase;
			buildActionMask = 2147483647;
			files = (
				D205D2851C187A58006784F0 /* LaunchScreen.storyboard in Resources */,
				D205D2821C187A58006784F0 /* Assets.xcassets in Resources */,
				D205D27D1C187A58006784F0 /* Main.storyboard in Resources */,
			);
			runOnlyForDeploymentPostprocessing = 0;
		};
/* End PBXResourcesBuildPhase section */

/* Begin PBXSourcesBuildPhase section */
		D205D2701C187A58006784F0 /* Sources */ = {
			isa = PBXSourcesBuildPhase;
			buildActionMask = 2147483647;
			files = (
				D205D28E1C187AD3006784F0 /* HomeTableViewController.swift in Sources */,
				D205D2801C187A58006784F0 /* HitList.xcdatamodeld in Sources */,
				D205D2781C187A58006784F0 /* AppDelegate.swift in Sources */,
			);
			runOnlyForDeploymentPostprocessing = 0;
		};
/* End PBXSourcesBuildPhase section */

/* Begin PBXVariantGroup section */
		D205D27B1C187A58006784F0 /* Main.storyboard */ = {
			isa = PBXVariantGroup;
			children = (
				D205D27C1C187A58006784F0 /* Base */,
			);
			name = Main.storyboard;
			sourceTree = "<group>";
		};
		D205D2831C187A58006784F0 /* LaunchScreen.storyboard */ = {
			isa = PBXVariantGroup;
			children = (
				D205D2841C187A58006784F0 /* Base */,
			);
			name = LaunchScreen.storyboard;
			sourceTree = "<group>";
		};
/* End PBXVariantGroup section */

/* Begin XCBuildConfiguration section */
		D205D2871C187A58006784F0 /* Debug */ = {
			isa = XCBuildConfiguration;
			buildSettings = {
				ALWAYS_SEARCH_USER_PATHS = NO;
				CLANG_CXX_LANGUAGE_STANDARD = "gnu++0x";
				CLANG_CXX_LIBRARY = "libc++";
				CLANG_ENABLE_MODULES = YES;
				CLANG_ENABLE_OBJC_ARC = YES;
				CLANG_WARN_BOOL_CONVERSION = YES;
				CLANG_WARN_CONSTANT_CONVERSION = YES;
				CLANG_WARN_DIRECT_OBJC_ISA_USAGE = YES_ERROR;
				CLANG_WARN_EMPTY_BODY = YES;
				CLANG_WARN_ENUM_CONVERSION = YES;
				CLANG_WARN_INT_CONVERSION = YES;
				CLANG_WARN_OBJC_ROOT_CLASS = YES_ERROR;
				CLANG_WARN_UNREACHABLE_CODE = YES;
				CLANG_WARN__DUPLICATE_METHOD_MATCH = YES;
				"CODE_SIGN_IDENTITY[sdk=iphoneos*]" = "iPhone Developer";
				COPY_PHASE_STRIP = NO;
				DEBUG_INFORMATION_FORMAT = dwarf;
				ENABLE_STRICT_OBJC_MSGSEND = YES;
				ENABLE_TESTABILITY = YES;
				GCC_C_LANGUAGE_STANDARD = gnu99;
				GCC_DYNAMIC_NO_PIC = NO;
				GCC_NO_COMMON_BLOCKS = YES;
				GCC_OPTIMIZATION_LEVEL = 0;
				GCC_PREPROCESSOR_DEFINITIONS = (
					"DEBUG=1",
					"$(inherited)",
				);
				GCC_WARN_64_TO_32_BIT_CONVERSION = YES;
				GCC_WARN_ABOUT_RETURN_TYPE = YES_ERROR;
				GCC_WARN_UNDECLARED_SELECTOR = YES;
				GCC_WARN_UNINITIALIZED_AUTOS = YES_AGGRESSIVE;
				GCC_WARN_UNUSED_FUNCTION = YES;
				GCC_WARN_UNUSED_VARIABLE = YES;
				IPHONEOS_DEPLOYMENT_TARGET = 9.1;
				MTL_ENABLE_DEBUG_INFO = YES;
				ONLY_ACTIVE_ARCH = YES;
				SDKROOT = iphoneos;
				SWIFT_OPTIMIZATION_LEVEL = "-Onone";
				TARGETED_DEVICE_FAMILY = "1,2";
			};
			name = Debug;
		};
		D205D2881C187A58006784F0 /* Release */ = {
			isa = XCBuildConfiguration;
			buildSettings = {
				ALWAYS_SEARCH_USER_PATHS = NO;
				CLANG_CXX_LANGUAGE_STANDARD = "gnu++0x";
				CLANG_CXX_LIBRARY = "libc++";
				CLANG_ENABLE_MODULES = YES;
				CLANG_ENABLE_OBJC_ARC = YES;
				CLANG_WARN_BOOL_CONVERSION = YES;
				CLANG_WARN_CONSTANT_CONVERSION = YES;
				CLANG_WARN_DIRECT_OBJC_ISA_USAGE = YES_ERROR;
				CLANG_WARN_EMPTY_BODY = YES;
				CLANG_WARN_ENUM_CONVERSION = YES;
				CLANG_WARN_INT_CONVERSION = YES;
				CLANG_WARN_OBJC_ROOT_CLASS = YES_ERROR;
				CLANG_WARN_UNREACHABLE_CODE = YES;
				CLANG_WARN__DUPLICATE_METHOD_MATCH = YES;
				"CODE_SIGN_IDENTITY[sdk=iphoneos*]" = "iPhone Developer";
				COPY_PHASE_STRIP = NO;
				DEBUG_INFORMATION_FORMAT = "dwarf-with-dsym";
				ENABLE_NS_ASSERTIONS = NO;
				ENABLE_STRICT_OBJC_MSGSEND = YES;
				GCC_C_LANGUAGE_STANDARD = gnu99;
				GCC_NO_COMMON_BLOCKS = YES;
				GCC_WARN_64_TO_32_BIT_CONVERSION = YES;
				GCC_WARN_ABOUT_RETURN_TYPE = YES_ERROR;
				GCC_WARN_UNDECLARED_SELECTOR = YES;
				GCC_WARN_UNINITIALIZED_AUTOS = YES_AGGRESSIVE;
				GCC_WARN_UNUSED_FUNCTION = YES;
				GCC_WARN_UNUSED_VARIABLE = YES;
				IPHONEOS_DEPLOYMENT_TARGET = 9.1;
				MTL_ENABLE_DEBUG_INFO = NO;
				SDKROOT = iphoneos;
				TARGETED_DEVICE_FAMILY = "1,2";
				VALIDATE_PRODUCT = YES;
			};
			name = Release;
		};
		D205D28A1C187A58006784F0 /* Debug */ = {
			isa = XCBuildConfiguration;
			buildSettings = {
				ASSETCATALOG_COMPILER_APPICON_NAME = AppIcon;
				INFOPLIST_FILE = HitList/Info.plist;
				LD_RUNPATH_SEARCH_PATHS = "$(inherited) @executable_path/Frameworks";
				PRODUCT_BUNDLE_IDENTIFIER = com.tuluobo.HitList;
				PRODUCT_NAME = "$(TARGET_NAME)";
			};
			name = Debug;
		};
		D205D28B1C187A58006784F0 /* Release */ = {
			isa = XCBuildConfiguration;
			buildSettings = {
				ASSETCATALOG_COMPILER_APPICON_NAME = AppIcon;
				INFOPLIST_FILE = HitList/Info.plist;
				LD_RUNPATH_SEARCH_PATHS = "$(inherited) @executable_path/Frameworks";
				PRODUCT_BUNDLE_IDENTIFIER = com.tuluobo.HitList;
				PRODUCT_NAME = "$(TARGET_NAME)";
			};
			name = Release;
		};
/* End XCBuildConfiguration section */

/* Begin XCConfigurationList section */
		D205D26F1C187A57006784F0 /* Build configuration list for PBXProject "HitList" */ = {
			isa = XCConfigurationList;
			buildConfigurations = (
				D205D2871C187A58006784F0 /* Debug */,
				D205D2881C187A58006784F0 /* Release */,
			);
			defaultConfigurationIsVisible = 0;
			defaultConfigurationName = Release;
		};
		D205D2891C187A58006784F0 /* Build configuration list for PBXNativeTarget "HitList" */ = {
			isa = XCConfigurationList;
			buildConfigurations = (
				D205D28A1C187A58006784F0 /* Debug */,
				D205D28B1C187A58006784F0 /* Release */,
			);
			defaultConfigurationIsVisible = 0;
		};
/* End XCConfigurationList section */

/* Begin XCVersionGroup section */
		D205D27E1C187A58006784F0 /* HitList.xcdatamodeld */ = {
			isa = XCVersionGroup;
			children = (
				D205D27F1C187A58006784F0 /* HitList.xcdatamodel */,
			);
			currentVersion = D205D27F1C187A58006784F0 /* HitList.xcdatamodel */;
			path = HitList.xcdatamodeld;
			sourceTree = "<group>";
			versionGroupType = wrapper.xcdatamodel;
		};
/* End XCVersionGroup section */
	};
	rootObject = D205D26C1C187A57006784F0 /* Project object */;
}
